
Microsoft Visual Studio Solution File, Format Version 12.00
# Visual Studio Version 17
VisualStudioVersion = 17.9.34607.119
MinimumVisualStudioVersion = 10.0.40219.1
Project("{9A19103F-16F7-4668-BE54-9A1E7A4F7556}") = "Pustovoy.UI", "Pustovoy.UI\Pustovoy.UI.csproj", "{9E5DD6B3-559A-4D8D-91D3-AE4A0B4ECFA6}"
EndProject
Project("{9A19103F-16F7-4668-BE54-9A1E7A4F7556}") = "Pustovoy.Domain", "Pustovoy.Domain\Pustovoy.Domain.csproj", "{14E075D4-FA9A-4D04-9C0B-2B07D553E9B9}"
EndProject
Project("{9A19103F-16F7-4668-BE54-9A1E7A4F7556}") = "Pustovoy.API", "Pustovoy.API\Pustovoy.API.csproj", "{6F845F63-88C8-4481-9E62-00BE4A12D27A}"
EndProject
Project("{9A19103F-16F7-4668-BE54-9A1E7A4F7556}") = "Pustovoy.Tests", "Pustovoy.Tests\Pustovoy.Tests.csproj", "{D7EE235B-F114-42FA-8BBB-0CA0A5850B7B}"
EndProject
Project("{FAE04EC0-301F-11D3-BF4B-00C04F79EFBC}") = "Pustovoy.Blazor", "Pustovoy.Blazor\Pustovoy.Blazor.csproj", "{7F7135E6-908A-4618-BE17-C7CC4BF652B9}"
EndProject
Global
	GlobalSection(SolutionConfigurationPlatforms) = preSolution
		Debug|Any CPU = Debug|Any CPU
		Release|Any CPU = Release|Any CPU
	EndGlobalSection
	GlobalSection(ProjectConfigurationPlatforms) = postSolution
		{9E5DD6B3-559A-4D8D-91D3-AE4A0B4ECFA6}.Debug|Any CPU.ActiveCfg = Debug|Any CPU
		{9E5DD6B3-559A-4D8D-91D3-AE4A0B4ECFA6}.Debug|Any CPU.Build.0 = Debug|Any CPU
		{9E5DD6B3-559A-4D8D-91D3-AE4A0B4ECFA6}.Release|Any CPU.ActiveCfg = Release|Any CPU
		{9E5DD6B3-559A-4D8D-91D3-AE4A0B4ECFA6}.Release|Any CPU.Build.0 = Release|Any CPU
		{14E075D4-FA9A-4D04-9C0B-2B07D553E9B9}.Debug|Any CPU.ActiveCfg = Debug|Any CPU
		{14E075D4-FA9A-4D04-9C0B-2B07D553E9B9}.Debug|Any CPU.Build.0 = Debug|Any CPU
		{14E075D4-FA9A-4D04-9C0B-2B07D553E9B9}.Release|Any CPU.ActiveCfg = Release|Any CPU
		{14E075D4-FA9A-4D04-9C0B-2B07D553E9B9}.Release|Any CPU.Build.0 = Release|Any CPU
		{6F845F63-88C8-4481-9E62-00BE4A12D27A}.Debug|Any CPU.ActiveCfg = Debug|Any CPU
		{6F845F63-88C8-4481-9E62-00BE4A12D27A}.Debug|Any CPU.Build.0 = Debug|Any CPU
		{6F845F63-88C8-4481-9E62-00BE4A12D27A}.Release|Any CPU.ActiveCfg = Release|Any CPU
		{6F845F63-88C8-4481-9E62-00BE4A12D27A}.Release|Any CPU.Build.0 = Release|Any CPU
		{D7EE235B-F114-42FA-8BBB-0CA0A5850B7B}.Debug|Any CPU.ActiveCfg = Debug|Any CPU
		{D7EE235B-F114-42FA-8BBB-0CA0A5850B7B}.Debug|Any CPU.Build.0 = Debug|Any CPU
		{D7EE235B-F114-42FA-8BBB-0CA0A5850B7B}.Release|Any CPU.ActiveCfg = Release|Any CPU
		{D7EE235B-F114-42FA-8BBB-0CA0A5850B7B}.Release|Any CPU.Build.0 = Release|Any CPU
		{7F7135E6-908A-4618-BE17-C7CC4BF652B9}.Debug|Any CPU.ActiveCfg = Debug|Any CPU
		{7F7135E6-908A-4618-BE17-C7CC4BF652B9}.Debug|Any CPU.Build.0 = Debug|Any CPU
		{7F7135E6-908A-4618-BE17-C7CC4BF652B9}.Release|Any CPU.ActiveCfg = Release|Any CPU
		{7F7135E6-908A-4618-BE17-C7CC4BF652B9}.Release|Any CPU.Build.0 = Release|Any CPU
	EndGlobalSection
	GlobalSection(SolutionProperties) = preSolution
		HideSolutionNode = FALSE
	EndGlobalSection
	GlobalSection(ExtensibilityGlobals) = postSolution
		SolutionGuid = {754C6682-4937-4957-B87B-4D537D0B4F4D}
	EndGlobalSection
EndGlobal
