
Microsoft Visual Studio Solution File, Format Version 12.00
# Visual Studio Version 17
VisualStudioVersion = 17.9.34607.119
MinimumVisualStudioVersion = 10.0.40219.1
Project("{FAE04EC0-301F-11D3-BF4B-00C04F79EFBC}") = "Pustovoy.UI", "Pustovoy.UI\Pustovoy.UI.csproj", "{9E5DD6B3-559A-4D8D-91D3-AE4A0B4ECFA6}"
EndProject
Global
	GlobalSection(SolutionConfigurationPlatforms) = preSolution
		Debug|Any CPU = Debug|Any CPU
		Release|Any CPU = Release|Any CPU
	EndGlobalSection
	GlobalSection(ProjectConfigurationPlatforms) = postSolution
		{9E5DD6B3-559A-4D8D-91D3-AE4A0B4ECFA6}.Debug|Any CPU.ActiveCfg = Debug|Any CPU
		{9E5DD6B3-559A-4D8D-91D3-AE4A0B4ECFA6}.Debug|Any CPU.Build.0 = Debug|Any CPU
		{9E5DD6B3-559A-4D8D-91D3-AE4A0B4ECFA6}.Release|Any CPU.ActiveCfg = Release|Any CPU
		{9E5DD6B3-559A-4D8D-91D3-AE4A0B4ECFA6}.Release|Any CPU.Build.0 = Release|Any CPU
	EndGlobalSection
	GlobalSection(SolutionProperties) = preSolution
		HideSolutionNode = FALSE
	EndGlobalSection
	GlobalSection(ExtensibilityGlobals) = postSolution
		SolutionGuid = {754C6682-4937-4957-B87B-4D537D0B4F4D}
	EndGlobalSection
EndGlobal
